{
  "name": "d6-repl",
  "version": "0.1.0",
  "lockfileVersion": 1,
  "requires": true,
  "dependencies": {
    "@types/node": {
      "version": "12.12.68",
      "resolved": "https://registry.npmjs.org/@types/node/-/node-12.12.68.tgz",
      "integrity": "sha512-3RW2s24ewB7F9dAHvgb9FRvNHn6nO9IK6Eaknbz7HTOe2a5GVne5XbUh5+YA+kcCn67glyHhClUUdFP73LWrgQ=="
    },
    "antlr4ts": {
      "version": "0.5.0-alpha.3",
      "resolved": "https://registry.npmjs.org/antlr4ts/-/antlr4ts-0.5.0-alpha.3.tgz",
      "integrity": "sha512-La89tKkGcHFIVuruv4Bm1esc3zLmES2NOTEwwNS1pudz+zx/0FNqQeUu9p48i9/QHKPVqjN87LB+q3buTg7oDQ=="
    },
    "antlr4ts-cli": {
      "version": "0.5.0-alpha.3",
      "resolved": "https://registry.npmjs.org/antlr4ts-cli/-/antlr4ts-cli-0.5.0-alpha.3.tgz",
      "integrity": "sha512-i6oyxfaXU6qnw4HgyeSIsOLlsvT7zU3vmenoJKFNVFP1QNodtJMZYpnyxc8TmOFpJs7fEoWanLavSSDEmcCZBQ==",
      "dev": true
    },
    "typescript": {
      "version": "4.0.3",
      "resolved": "https://registry.npmjs.org/typescript/-/typescript-4.0.3.tgz",
      "integrity": "sha512-tEu6DGxGgRJPb/mVPIZ48e69xCn2yRmCgYmDugAVwmJ6o+0u1RI18eO7E7WBTLYLaEVVOhwQmcdhQHweux/WPg==",
      "dev": true
    }
  }
}
